# This file is autogenerated, do not edit; changes may be undone by the next 'dep ensure'.


[[projects]]
  name = "github.com/coreos/go-semver"
  packages = ["semver"]
  revision = "8ab6407b697782a06568d4b7f1db25550ec2e4c6"
  version = "v0.2.0"

[[projects]]
  name = "github.com/davecgh/go-spew"
  packages = ["spew"]
  revision = "346938d642f2ec3594ed81d874461961cd0faa76"
  version = "v1.1.0"

[[projects]]
  name = "github.com/go-chi/chi"
  packages = [
    ".",
    "middleware"
  ]
  revision = "967844826e58cf31213a7dfb82455d242ad85101"
  version = "v3.0.0"

[[projects]]
  name = "github.com/go-chi/render"
  packages = ["."]
  revision = "9f855fadd4b8cde7773f9ef51f6b2705af239519"
  version = "v1.0.0"

[[projects]]
  name = "github.com/go-ozzo/ozzo-validation"
  packages = ["."]
  revision = "85dcd8368eba387e65a03488b003e233994e87e9"
  version = "v3.3"

[[projects]]
  branch = "master"
  name = "github.com/jcelliott/lumber"
  packages = ["."]
  revision = "dd349441af25132d146d7095c6693a15431fc9b1"

[[projects]]
  branch = "master"
  name = "github.com/kardianos/minwinsvc"
  packages = ["."]
  revision = "cad6b2b879b0970e4245a20ebf1a81a756e2bb70"

[[projects]]
  branch = "master"
  name = "github.com/nanobox-io/golang-scribble"
  packages = ["."]
  revision = "ced58d671850da57ce8c11315424513b608083d7"

[[projects]]
  name = "github.com/oklog/run"
  packages = ["."]
  revision = "4dadeb3030eda0273a12382bb2348ffc7c9d1a39"
  version = "v1.0.0"

[[projects]]
  name = "github.com/pmezard/go-difflib"
  packages = ["difflib"]
  revision = "792786c7400a136282c1664665ae0a8db921c6c2"
  version = "v1.0.0"

[[projects]]
  name = "github.com/rs/xid"
  packages = ["."]
  revision = "02dd45c33376f85d1064355dc790dcc4850596b1"
  version = "v1.1"

[[projects]]
  name = "github.com/rs/zerolog"
  packages = [
    ".",
    "hlog",
    "internal/cbor",
    "internal/json",
    "log"
  ]
  revision = "fb469685aa8f19d742eff3f56a0bd51a23265829"
  version = "v1.7.0"

[[projects]]
  name = "github.com/satori/go.uuid"
  packages = ["."]
  revision = "f58768cc1a7a7e77a3bd49e98cdd21419399b6a3"
  version = "v1.2.0"

[[projects]]
  name = "github.com/stretchr/objx"
  packages = ["."]
  revision = "facf9a85c22f48d2f52f2380e4efce1768749a89"
  version = "v0.1"

[[projects]]
  name = "github.com/stretchr/testify"
  packages = [
    "assert",
    "mock"
  ]
  revision = "12b6f73e6084dad08a7c6e575284b177ecafbc71"
  version = "v1.2.1"

[[projects]]
  name = "github.com/zenazn/goji"
  packages = ["web/mutil"]
  revision = "64eb34159fe53473206c2b3e70fe396a639452f2"
  version = "v1.0"

[[projects]]
  branch = "master"
  name = "golang.org/x/sys"
  packages = [
    "windows",
    "windows/svc"
  ]
  revision = "31355384c89b50e6faeffdb36f64a77a8210188e"

[[projects]]
  name = "gopkg.in/ini.v1"
  packages = ["."]
  revision = "6529cf7c58879c08d927016dde4477f18a0634cb"
  version = "v1.36.0"

[[projects]]
  branch = "v2"
  name = "gopkg.in/urfave/cli.v2"
  packages = ["."]
  revision = "d3ae77c26ac8db90639677e4831a728d33c36111"

[solve-meta]
  analyzer-name = "dep"
  analyzer-version = 1
  inputs-digest = "e0a7d26d2e5d778a58549d154f43ee3514122eccf5f011fccc9a6cf615969317"
  solver-name = "gps-cdcl"
  solver-version = 1
